{
  "nodes": {
    "nixpkgs": {
      "locked": {
        "lastModified": 1744932701,
        "narHash": "sha256-fusHbZCyv126cyArUwwKrLdCkgVAIaa/fQJYFlCEqiU=",
        "owner": "nixos",
        "repo": "nixpkgs",
        "rev": "b024ced1aac25639f8ca8fdfc2f8c4fbd66c48ef",
        "type": "github"
      },
      "original": {
        "owner": "nixos",
        "ref": "nixos-unstable",
        "repo": "nixpkgs",
        "type": "github"
      }
    },
    "nixpkgs-929116": {
      "locked": {
        "lastModified": 1733376361,
        "narHash": "sha256-aLJxoTDDSqB+/3orsulE6/qdlX6MzDLIITLZqdgMpqo=",
        "owner": "nixos",
        "repo": "nixpkgs",
        "rev": "929116e316068c7318c54eb4d827f7d9756d5e9c",
        "type": "github"
      },
      "original": {
        "owner": "nixos",
        "repo": "nixpkgs",
        "rev": "929116e316068c7318c54eb4d827f7d9756d5e9c",
        "type": "github"
      }
    },
    "root": {
      "inputs": {
        "nixpkgs": "nixpkgs",
        "nixpkgs-929116": "nixpkgs-929116"
      }
    }
  },
  "root": "root",
  "version": 7
}
